
Microsoft Visual Studio Solution File, Format Version 12.00
# Visual Studio Version 17
VisualStudioVersion = 17.12.35521.163 d17.12
MinimumVisualStudioVersion = 10.0.40219.1
Project("{FAE04EC0-301F-11D3-BF4B-00C04F79EFBC}") = "PaymentApi", "PaymentApi\PaymentApi.csproj", "{0A1508A0-158D-479B-83FA-4CE7BAAE1C16}"
EndProject
Global
	GlobalSection(SolutionConfigurationPlatforms) = preSolution
		Debug|Any CPU = Debug|Any CPU
		Release|Any CPU = Release|Any CPU
	EndGlobalSection
	GlobalSection(ProjectConfigurationPlatforms) = postSolution
		{0A1508A0-158D-479B-83FA-4CE7BAAE1C16}.Debug|Any CPU.ActiveCfg = Debug|Any CPU
		{0A1508A0-158D-479B-83FA-4CE7BAAE1C16}.Debug|Any CPU.Build.0 = Debug|Any CPU
		{0A1508A0-158D-479B-83FA-4CE7BAAE1C16}.Release|Any CPU.ActiveCfg = Release|Any CPU
		{0A1508A0-158D-479B-83FA-4CE7BAAE1C16}.Release|Any CPU.Build.0 = Release|Any CPU
	EndGlobalSection
	GlobalSection(SolutionProperties) = preSolution
		HideSolutionNode = FALSE
	EndGlobalSection
EndGlobal
